// !$*UTF8*$!
{
	archiveVersion = 1;
	classes = {
	};
	objectVersion = 46;
	objects = {

/* Begin PBXBuildFile section */
		B19280661E90F7B200A5B09D /* AppDelegate.swift in Sources */ = {isa = PBXBuildFile; fileRef = B19280651E90F7B200A5B09D /* AppDelegate.swift */; };
		B192806B1E90F7B200A5B09D /* Main.storyboard in Resources */ = {isa = PBXBuildFile; fileRef = B19280691E90F7B200A5B09D /* Main.storyboard */; };
		B192806D1E90F7B200A5B09D /* Assets.xcassets in Resources */ = {isa = PBXBuildFile; fileRef = B192806C1E90F7B200A5B09D /* Assets.xcassets */; };
		B19280701E90F7B200A5B09D /* LaunchScreen.storyboard in Resources */ = {isa = PBXBuildFile; fileRef = B192806E1E90F7B200A5B09D /* LaunchScreen.storyboard */; };
		B192807B1E90F7B200A5B09D /* MyProjectTests.swift in Sources */ = {isa = PBXBuildFile; fileRef = B192807A1E90F7B200A5B09D /* MyProjectTests.swift */; };
		B19280861E90F7B200A5B09D /* MyProjectUITests.swift in Sources */ = {isa = PBXBuildFile; fileRef = B19280851E90F7B200A5B09D /* MyProjectUITests.swift */; };
		B1BCB9971E91087B00F30050 /* vacation_spots.plist in Resources */ = {isa = PBXBuildFile; fileRef = B1BCB9951E91087B00F30050 /* vacation_spots.plist */; };
		B1BCB9981E91087B00F30050 /* VacationSpot.swift in Sources */ = {isa = PBXBuildFile; fileRef = B1BCB9961E91087B00F30050 /* VacationSpot.swift */; };
		B1BCB99F1E910C0700F30050 /* Stack.storyboard in Resources */ = {isa = PBXBuildFile; fileRef = B1BCB99D1E910C0700F30050 /* Stack.storyboard */; };
		B1BCB9A21E910CCD00F30050 /* StackHideControlViewController.swift in Sources */ = {isa = PBXBuildFile; fileRef = B1BCB9A11E910CCD00F30050 /* StackHideControlViewController.swift */; };
		B1BCB9A61E91136900F30050 /* TableView.storyboard in Resources */ = {isa = PBXBuildFile; fileRef = B1BCB9A41E91136900F30050 /* TableView.storyboard */; };
		B1BCB9AA1E9113ED00F30050 /* TableViewCellStyleViewController.swift in Sources */ = {isa = PBXBuildFile; fileRef = B1BCB9A91E9113ED00F30050 /* TableViewCellStyleViewController.swift */; };
		B1BCB9AD1E9138A000F30050 /* ViewController.storyboard in Resources */ = {isa = PBXBuildFile; fileRef = B1BCB9AB1E9138A000F30050 /* ViewController.storyboard */; };
		B1BCB9B01E913C8A00F30050 /* Container.storyboard in Resources */ = {isa = PBXBuildFile; fileRef = B1BCB9AF1E913C8A00F30050 /* Container.storyboard */; };
		B1BCB9B61E9144B900F30050 /* SwitchContainerViewController.swift in Sources */ = {isa = PBXBuildFile; fileRef = B1BCB9B51E9144B900F30050 /* SwitchContainerViewController.swift */; };
/* End PBXBuildFile section */

/* Begin PBXContainerItemProxy section */
		B19280771E90F7B200A5B09D /* PBXContainerItemProxy */ = {
			isa = PBXContainerItemProxy;
			containerPortal = B192805A1E90F7B200A5B09D /* Project object */;
			proxyType = 1;
			remoteGlobalIDString = B19280611E90F7B200A5B09D;
			remoteInfo = MyProject;
		};
		B19280821E90F7B200A5B09D /* PBXContainerItemProxy */ = {
			isa = PBXContainerItemProxy;
			containerPortal = B192805A1E90F7B200A5B09D /* Project object */;
			proxyType = 1;
			remoteGlobalIDString = B19280611E90F7B200A5B09D;
			remoteInfo = MyProject;
		};
/* End PBXContainerItemProxy section */

/* Begin PBXFileReference section */
		B19280621E90F7B200A5B09D /* MyProject.app */ = {isa = PBXFileReference; explicitFileType = wrapper.application; includeInIndex = 0; path = MyProject.app; sourceTree = BUILT_PRODUCTS_DIR; };
		B19280651E90F7B200A5B09D /* AppDelegate.swift */ = {isa = PBXFileReference; lastKnownFileType = sourcecode.swift; path = AppDelegate.swift; sourceTree = "<group>"; };
		B192806A1E90F7B200A5B09D /* Base */ = {isa = PBXFileReference; lastKnownFileType = file.storyboard; name = Base; path = Base.lproj/Main.storyboard; sourceTree = "<group>"; };
		B192806C1E90F7B200A5B09D /* Assets.xcassets */ = {isa = PBXFileReference; lastKnownFileType = folder.assetcatalog; path = Assets.xcassets; sourceTree = "<group>"; };
		B192806F1E90F7B200A5B09D /* Base */ = {isa = PBXFileReference; lastKnownFileType = file.storyboard; name = Base; path = Base.lproj/LaunchScreen.storyboard; sourceTree = "<group>"; };
		B19280711E90F7B200A5B09D /* Info.plist */ = {isa = PBXFileReference; lastKnownFileType = text.plist.xml; path = Info.plist; sourceTree = "<group>"; };
		B19280761E90F7B200A5B09D /* MyProjectTests.xctest */ = {isa = PBXFileReference; explicitFileType = wrapper.cfbundle; includeInIndex = 0; path = MyProjectTests.xctest; sourceTree = BUILT_PRODUCTS_DIR; };
		B192807A1E90F7B200A5B09D /* MyProjectTests.swift */ = {isa = PBXFileReference; lastKnownFileType = sourcecode.swift; path = MyProjectTests.swift; sourceTree = "<group>"; };
		B192807C1E90F7B200A5B09D /* Info.plist */ = {isa = PBXFileReference; lastKnownFileType = text.plist.xml; path = Info.plist; sourceTree = "<group>"; };
		B19280811E90F7B200A5B09D /* MyProjectUITests.xctest */ = {isa = PBXFileReference; explicitFileType = wrapper.cfbundle; includeInIndex = 0; path = MyProjectUITests.xctest; sourceTree = BUILT_PRODUCTS_DIR; };
		B19280851E90F7B200A5B09D /* MyProjectUITests.swift */ = {isa = PBXFileReference; lastKnownFileType = sourcecode.swift; path = MyProjectUITests.swift; sourceTree = "<group>"; };
		B19280871E90F7B200A5B09D /* Info.plist */ = {isa = PBXFileReference; lastKnownFileType = text.plist.xml; path = Info.plist; sourceTree = "<group>"; };
		B1BCB9951E91087B00F30050 /* vacation_spots.plist */ = {isa = PBXFileReference; fileEncoding = 4; lastKnownFileType = text.plist.xml; path = vacation_spots.plist; sourceTree = "<group>"; };
		B1BCB9961E91087B00F30050 /* VacationSpot.swift */ = {isa = PBXFileReference; fileEncoding = 4; lastKnownFileType = sourcecode.swift; path = VacationSpot.swift; sourceTree = "<group>"; };
		B1BCB99E1E910C0700F30050 /* Base */ = {isa = PBXFileReference; lastKnownFileType = file.storyboard; name = Base; path = Base.lproj/Stack.storyboard; sourceTree = "<group>"; };
		B1BCB9A11E910CCD00F30050 /* StackHideControlViewController.swift */ = {isa = PBXFileReference; fileEncoding = 4; lastKnownFileType = sourcecode.swift; path = StackHideControlViewController.swift; sourceTree = "<group>"; };
		B1BCB9A51E91136900F30050 /* Base */ = {isa = PBXFileReference; lastKnownFileType = file.storyboard; name = Base; path = Base.lproj/TableView.storyboard; sourceTree = "<group>"; };
		B1BCB9A91E9113ED00F30050 /* TableViewCellStyleViewController.swift */ = {isa = PBXFileReference; fileEncoding = 4; lastKnownFileType = sourcecode.swift; path = TableViewCellStyleViewController.swift; sourceTree = "<group>"; };
		B1BCB9AC1E9138A000F30050 /* Base */ = {isa = PBXFileReference; lastKnownFileType = file.storyboard; name = Base; path = Base.lproj/ViewController.storyboard; sourceTree = "<group>"; };
		B1BCB9AF1E913C8A00F30050 /* Container.storyboard */ = {isa = PBXFileReference; fileEncoding = 4; lastKnownFileType = file.storyboard; path = Container.storyboard; sourceTree = "<group>"; };
		B1BCB9B51E9144B900F30050 /* SwitchContainerViewController.swift */ = {isa = PBXFileReference; fileEncoding = 4; lastKnownFileType = sourcecode.swift; path = SwitchContainerViewController.swift; sourceTree = "<group>"; };
/* End PBXFileReference section */

/* Begin PBXFrameworksBuildPhase section */
		B192805F1E90F7B200A5B09D /* Frameworks */ = {
			isa = PBXFrameworksBuildPhase;
			buildActionMask = 2147483647;
			files = (
			);
			runOnlyForDeploymentPostprocessing = 0;
		};
		B19280731E90F7B200A5B09D /* Frameworks */ = {
			isa = PBXFrameworksBuildPhase;
			buildActionMask = 2147483647;
			files = (
			);
			runOnlyForDeploymentPostprocessing = 0;
		};
		B192807E1E90F7B200A5B09D /* Frameworks */ = {
			isa = PBXFrameworksBuildPhase;
			buildActionMask = 2147483647;
			files = (
			);
			runOnlyForDeploymentPostprocessing = 0;
		};
/* End PBXFrameworksBuildPhase section */

/* Begin PBXGroup section */
		B19280591E90F7B200A5B09D = {
			isa = PBXGroup;
			children = (
				B19280641E90F7B200A5B09D /* MyProject */,
				B19280791E90F7B200A5B09D /* MyProjectTests */,
				B19280841E90F7B200A5B09D /* MyProjectUITests */,
				B19280631E90F7B200A5B09D /* Products */,
			);
			sourceTree = "<group>";
		};
		B19280631E90F7B200A5B09D /* Products */ = {
			isa = PBXGroup;
			children = (
				B19280621E90F7B200A5B09D /* MyProject.app */,
				B19280761E90F7B200A5B09D /* MyProjectTests.xctest */,
				B19280811E90F7B200A5B09D /* MyProjectUITests.xctest */,
			);
			name = Products;
			sourceTree = "<group>";
		};
		B19280641E90F7B200A5B09D /* MyProject */ = {
			isa = PBXGroup;
			children = (
				B19280931E90F85C00A5B09D /* Storyboards */,
				B1BCB9901E91084B00F30050 /* Controllers */,
				B1BCB9931E91085B00F30050 /* Models */,
				B1BCB9941E91085B00F30050 /* Views */,
				B19280651E90F7B200A5B09D /* AppDelegate.swift */,
				B192806C1E90F7B200A5B09D /* Assets.xcassets */,
				B192806E1E90F7B200A5B09D /* LaunchScreen.storyboard */,
				B19280711E90F7B200A5B09D /* Info.plist */,
			);
			path = MyProject;
			sourceTree = "<group>";
		};
		B19280791E90F7B200A5B09D /* MyProjectTests */ = {
			isa = PBXGroup;
			children = (
				B192807A1E90F7B200A5B09D /* MyProjectTests.swift */,
				B192807C1E90F7B200A5B09D /* Info.plist */,
			);
			path = MyProjectTests;
			sourceTree = "<group>";
		};
		B19280841E90F7B200A5B09D /* MyProjectUITests */ = {
			isa = PBXGroup;
			children = (
				B19280851E90F7B200A5B09D /* MyProjectUITests.swift */,
				B19280871E90F7B200A5B09D /* Info.plist */,
			);
			path = MyProjectUITests;
			sourceTree = "<group>";
		};
		B19280931E90F85C00A5B09D /* Storyboards */ = {
			isa = PBXGroup;
			children = (
				B1BCB9B31E913E8600F30050 /* TableView */,
				B1BCB9B21E913E7E00F30050 /* Stack */,
				B1BCB9B11E913E6F00F30050 /* ViewContraller */,
				B19280691E90F7B200A5B09D /* Main.storyboard */,
			);
			name = Storyboards;
			sourceTree = "<group>";
		};
		B1BCB9901E91084B00F30050 /* Controllers */ = {
			isa = PBXGroup;
			children = (
				B1BCB9A81E9113D200F30050 /* TableView */,
				B1BCB9A01E910CCD00F30050 /* Stack */,
				B1BCB9B41E91448300F30050 /* ViewController */,
			);
			path = Controllers;
			sourceTree = "<group>";
		};
		B1BCB9931E91085B00F30050 /* Models */ = {
			isa = PBXGroup;
			children = (
				B1BCB9951E91087B00F30050 /* vacation_spots.plist */,
				B1BCB9961E91087B00F30050 /* VacationSpot.swift */,
			);
			path = Models;
			sourceTree = "<group>";
		};
		B1BCB9941E91085B00F30050 /* Views */ = {
			isa = PBXGroup;
			children = (
			);
			path = Views;
			sourceTree = "<group>";
		};
		B1BCB9A01E910CCD00F30050 /* Stack */ = {
			isa = PBXGroup;
			children = (
				B1BCB9A11E910CCD00F30050 /* StackHideControlViewController.swift */,
			);
			path = Stack;
			sourceTree = "<group>";
		};
		B1BCB9A81E9113D200F30050 /* TableView */ = {
			isa = PBXGroup;
			children = (
				B1BCB9A91E9113ED00F30050 /* TableViewCellStyleViewController.swift */,
			);
			path = TableView;
			sourceTree = "<group>";
		};
		B1BCB9B11E913E6F00F30050 /* ViewContraller */ = {
			isa = PBXGroup;
			children = (
				B1BCB9AB1E9138A000F30050 /* ViewController.storyboard */,
				B1BCB9AF1E913C8A00F30050 /* Container.storyboard */,
			);
			name = ViewContraller;
			sourceTree = "<group>";
		};
		B1BCB9B21E913E7E00F30050 /* Stack */ = {
			isa = PBXGroup;
			children = (
				B1BCB99D1E910C0700F30050 /* Stack.storyboard */,
			);
			name = Stack;
			sourceTree = "<group>";
		};
		B1BCB9B31E913E8600F30050 /* TableView */ = {
			isa = PBXGroup;
			children = (
				B1BCB9A41E91136900F30050 /* TableView.storyboard */,
			);
			name = TableView;
			sourceTree = "<group>";
		};
		B1BCB9B41E91448300F30050 /* ViewController */ = {
			isa = PBXGroup;
			children = (
				B1BCB9B51E9144B900F30050 /* SwitchContainerViewController.swift */,
			);
			name = ViewController;
			path = MyProject/Controllers/ViewController;
			sourceTree = SOURCE_ROOT;
		};
/* End PBXGroup section */

/* Begin PBXNativeTarget section */
		B19280611E90F7B200A5B09D /* MyProject */ = {
			isa = PBXNativeTarget;
			buildConfigurationList = B192808A1E90F7B200A5B09D /* Build configuration list for PBXNativeTarget "MyProject" */;
			buildPhases = (
				B192805E1E90F7B200A5B09D /* Sources */,
				B192805F1E90F7B200A5B09D /* Frameworks */,
				B19280601E90F7B200A5B09D /* Resources */,
			);
			buildRules = (
			);
			dependencies = (
			);
			name = MyProject;
			productName = MyProject;
			productReference = B19280621E90F7B200A5B09D /* MyProject.app */;
			productType = "com.apple.product-type.application";
		};
		B19280751E90F7B200A5B09D /* MyProjectTests */ = {
			isa = PBXNativeTarget;
			buildConfigurationList = B192808D1E90F7B200A5B09D /* Build configuration list for PBXNativeTarget "MyProjectTests" */;
			buildPhases = (
				B19280721E90F7B200A5B09D /* Sources */,
				B19280731E90F7B200A5B09D /* Frameworks */,
				B19280741E90F7B200A5B09D /* Resources */,
			);
			buildRules = (
			);
			dependencies = (
				B19280781E90F7B200A5B09D /* PBXTargetDependency */,
			);
			name = MyProjectTests;
			productName = MyProjectTests;
			productReference = B19280761E90F7B200A5B09D /* MyProjectTests.xctest */;
			productType = "com.apple.product-type.bundle.unit-test";
		};
		B19280801E90F7B200A5B09D /* MyProjectUITests */ = {
			isa = PBXNativeTarget;
			buildConfigurationList = B19280901E90F7B200A5B09D /* Build configuration list for PBXNativeTarget "MyProjectUITests" */;
			buildPhases = (
				B192807D1E90F7B200A5B09D /* Sources */,
				B192807E1E90F7B200A5B09D /* Frameworks */,
				B192807F1E90F7B200A5B09D /* Resources */,
			);
			buildRules = (
			);
			dependencies = (
				B19280831E90F7B200A5B09D /* PBXTargetDependency */,
			);
			name = MyProjectUITests;
			productName = MyProjectUITests;
			productReference = B19280811E90F7B200A5B09D /* MyProjectUITests.xctest */;
			productType = "com.apple.product-type.bundle.ui-testing";
		};
/* End PBXNativeTarget section */

/* Begin PBXProject section */
		B192805A1E90F7B200A5B09D /* Project object */ = {
			isa = PBXProject;
			attributes = {
				LastSwiftUpdateCheck = 0820;
				LastUpgradeCheck = 0820;
				ORGANIZATIONNAME = "Jirapong Charoentim";
				TargetAttributes = {
					B19280611E90F7B200A5B09D = {
						CreatedOnToolsVersion = 8.2.1;
						ProvisioningStyle = Automatic;
					};
					B19280751E90F7B200A5B09D = {
						CreatedOnToolsVersion = 8.2.1;
						ProvisioningStyle = Automatic;
						TestTargetID = B19280611E90F7B200A5B09D;
					};
					B19280801E90F7B200A5B09D = {
						CreatedOnToolsVersion = 8.2.1;
						ProvisioningStyle = Automatic;
						TestTargetID = B19280611E90F7B200A5B09D;
					};
				};
			};
			buildConfigurationList = B192805D1E90F7B200A5B09D /* Build configuration list for PBXProject "MyProject" */;
			compatibilityVersion = "Xcode 3.2";
			developmentRegion = English;
			hasScannedForEncodings = 0;
			knownRegions = (
				en,
				Base,
			);
			mainGroup = B19280591E90F7B200A5B09D;
			productRefGroup = B19280631E90F7B200A5B09D /* Products */;
			projectDirPath = "";
			projectRoot = "";
			targets = (
				B19280611E90F7B200A5B09D /* MyProject */,
				B19280751E90F7B200A5B09D /* MyProjectTests */,
				B19280801E90F7B200A5B09D /* MyProjectUITests */,
			);
		};
/* End PBXProject section */

/* Begin PBXResourcesBuildPhase section */
		B19280601E90F7B200A5B09D /* Resources */ = {
			isa = PBXResourcesBuildPhase;
			buildActionMask = 2147483647;
			files = (
				B1BCB9A61E91136900F30050 /* TableView.storyboard in Resources */,
				B1BCB99F1E910C0700F30050 /* Stack.storyboard in Resources */,
				B19280701E90F7B200A5B09D /* LaunchScreen.storyboard in Resources */,
				B192806D1E90F7B200A5B09D /* Assets.xcassets in Resources */,
				B192806B1E90F7B200A5B09D /* Main.storyboard in Resources */,
				B1BCB9971E91087B00F30050 /* vacation_spots.plist in Resources */,
				B1BCB9B01E913C8A00F30050 /* Container.storyboard in Resources */,
				B1BCB9AD1E9138A000F30050 /* ViewController.storyboard in Resources */,
			);
			runOnlyForDeploymentPostprocessing = 0;
		};
		B19280741E90F7B200A5B09D /* Resources */ = {
			isa = PBXResourcesBuildPhase;
			buildActionMask = 2147483647;
			files = (
			);
			runOnlyForDeploymentPostprocessing = 0;
		};
		B192807F1E90F7B200A5B09D /* Resources */ = {
			isa = PBXResourcesBuildPhase;
			buildActionMask = 2147483647;
			files = (
			);
			runOnlyForDeploymentPostprocessing = 0;
		};
/* End PBXResourcesBuildPhase section */

/* Begin PBXSourcesBuildPhase section */
		B192805E1E90F7B200A5B09D /* Sources */ = {
			isa = PBXSourcesBuildPhase;
			buildActionMask = 2147483647;
			files = (
				B1BCB9B61E9144B900F30050 /* SwitchContainerViewController.swift in Sources */,
				B1BCB9A21E910CCD00F30050 /* StackHideControlViewController.swift in Sources */,
				B1BCB9981E91087B00F30050 /* VacationSpot.swift in Sources */,
				B1BCB9AA1E9113ED00F30050 /* TableViewCellStyleViewController.swift in Sources */,
				B19280661E90F7B200A5B09D /* AppDelegate.swift in Sources */,
			);
			runOnlyForDeploymentPostprocessing = 0;
		};
		B19280721E90F7B200A5B09D /* Sources */ = {
			isa = PBXSourcesBuildPhase;
			buildActionMask = 2147483647;
			files = (
				B192807B1E90F7B200A5B09D /* MyProjectTests.swift in Sources */,
			);
			runOnlyForDeploymentPostprocessing = 0;
		};
		B192807D1E90F7B200A5B09D /* Sources */ = {
			isa = PBXSourcesBuildPhase;
			buildActionMask = 2147483647;
			files = (
				B19280861E90F7B200A5B09D /* MyProjectUITests.swift in Sources */,
			);
			runOnlyForDeploymentPostprocessing = 0;
		};
/* End PBXSourcesBuildPhase section */

/* Begin PBXTargetDependency section */
		B19280781E90F7B200A5B09D /* PBXTargetDependency */ = {
			isa = PBXTargetDependency;
			target = B19280611E90F7B200A5B09D /* MyProject */;
			targetProxy = B19280771E90F7B200A5B09D /* PBXContainerItemProxy */;
		};
		B19280831E90F7B200A5B09D /* PBXTargetDependency */ = {
			isa = PBXTargetDependency;
			target = B19280611E90F7B200A5B09D /* MyProject */;
			targetProxy = B19280821E90F7B200A5B09D /* PBXContainerItemProxy */;
		};
/* End PBXTargetDependency section */

/* Begin PBXVariantGroup section */
		B19280691E90F7B200A5B09D /* Main.storyboard */ = {
			isa = PBXVariantGroup;
			children = (
				B192806A1E90F7B200A5B09D /* Base */,
			);
			name = Main.storyboard;
			sourceTree = "<group>";
		};
		B192806E1E90F7B200A5B09D /* LaunchScreen.storyboard */ = {
			isa = PBXVariantGroup;
			children = (
				B192806F1E90F7B200A5B09D /* Base */,
			);
			name = LaunchScreen.storyboard;
			sourceTree = "<group>";
		};
		B1BCB99D1E910C0700F30050 /* Stack.storyboard */ = {
			isa = PBXVariantGroup;
			children = (
				B1BCB99E1E910C0700F30050 /* Base */,
			);
			name = Stack.storyboard;
			sourceTree = "<group>";
		};
		B1BCB9A41E91136900F30050 /* TableView.storyboard */ = {
			isa = PBXVariantGroup;
			children = (
				B1BCB9A51E91136900F30050 /* Base */,
			);
			name = TableView.storyboard;
			sourceTree = "<group>";
		};
		B1BCB9AB1E9138A000F30050 /* ViewController.storyboard */ = {
			isa = PBXVariantGroup;
			children = (
				B1BCB9AC1E9138A000F30050 /* Base */,
			);
			name = ViewController.storyboard;
			sourceTree = "<group>";
		};
/* End PBXVariantGroup section */

/* Begin XCBuildConfiguration section */
		B19280881E90F7B200A5B09D /* Debug */ = {
			isa = XCBuildConfiguration;
			buildSettings = {
				ALWAYS_SEARCH_USER_PATHS = NO;
				CLANG_ANALYZER_NONNULL = YES;
				CLANG_CXX_LANGUAGE_STANDARD = "gnu++0x";
				CLANG_CXX_LIBRARY = "libc++";
				CLANG_ENABLE_MODULES = YES;
				CLANG_ENABLE_OBJC_ARC = YES;
				CLANG_WARN_BOOL_CONVERSION = YES;
				CLANG_WARN_CONSTANT_CONVERSION = YES;
				CLANG_WARN_DIRECT_OBJC_ISA_USAGE = YES_ERROR;
				CLANG_WARN_DOCUMENTATION_COMMENTS = YES;
				CLANG_WARN_EMPTY_BODY = YES;
				CLANG_WARN_ENUM_CONVERSION = YES;
				CLANG_WARN_INFINITE_RECURSION = YES;
				CLANG_WARN_INT_CONVERSION = YES;
				CLANG_WARN_OBJC_ROOT_CLASS = YES_ERROR;
				CLANG_WARN_SUSPICIOUS_MOVE = YES;
				CLANG_WARN_UNREACHABLE_CODE = YES;
				CLANG_WARN__DUPLICATE_METHOD_MATCH = YES;
				"CODE_SIGN_IDENTITY[sdk=iphoneos*]" = "iPhone Developer";
				COPY_PHASE_STRIP = NO;
				DEBUG_INFORMATION_FORMAT = dwarf;
				ENABLE_STRICT_OBJC_MSGSEND = YES;
				ENABLE_TESTABILITY = YES;
				GCC_C_LANGUAGE_STANDARD = gnu99;
				GCC_DYNAMIC_NO_PIC = NO;
				GCC_NO_COMMON_BLOCKS = YES;
				GCC_OPTIMIZATION_LEVEL = 0;
				GCC_PREPROCESSOR_DEFINITIONS = (
					"DEBUG=1",
					"$(inherited)",
				);
				GCC_WARN_64_TO_32_BIT_CONVERSION = YES;
				GCC_WARN_ABOUT_RETURN_TYPE = YES_ERROR;
				GCC_WARN_UNDECLARED_SELECTOR = YES;
				GCC_WARN_UNINITIALIZED_AUTOS = YES_AGGRESSIVE;
				GCC_WARN_UNUSED_FUNCTION = YES;
				GCC_WARN_UNUSED_VARIABLE = YES;
				IPHONEOS_DEPLOYMENT_TARGET = 9.0;
				MTL_ENABLE_DEBUG_INFO = YES;
				ONLY_ACTIVE_ARCH = YES;
				SDKROOT = iphoneos;
				SWIFT_ACTIVE_COMPILATION_CONDITIONS = DEBUG;
				SWIFT_OPTIMIZATION_LEVEL = "-Onone";
				TARGETED_DEVICE_FAMILY = "1,2";
			};
			name = Debug;
		};
		B19280891E90F7B200A5B09D /* Release */ = {
			isa = XCBuildConfiguration;
			buildSettings = {
				ALWAYS_SEARCH_USER_PATHS = NO;
				CLANG_ANALYZER_NONNULL = YES;
				CLANG_CXX_LANGUAGE_STANDARD = "gnu++0x";
				CLANG_CXX_LIBRARY = "libc++";
				CLANG_ENABLE_MODULES = YES;
				CLANG_ENABLE_OBJC_ARC = YES;
				CLANG_WARN_BOOL_CONVERSION = YES;
				CLANG_WARN_CONSTANT_CONVERSION = YES;
				CLANG_WARN_DIRECT_OBJC_ISA_USAGE = YES_ERROR;
				CLANG_WARN_DOCUMENTATION_COMMENTS = YES;
				CLANG_WARN_EMPTY_BODY = YES;
				CLANG_WARN_ENUM_CONVERSION = YES;
				CLANG_WARN_INFINITE_RECURSION = YES;
				CLANG_WARN_INT_CONVERSION = YES;
				CLANG_WARN_OBJC_ROOT_CLASS = YES_ERROR;
				CLANG_WARN_SUSPICIOUS_MOVE = YES;
				CLANG_WARN_UNREACHABLE_CODE = YES;
				CLANG_WARN__DUPLICATE_METHOD_MATCH = YES;
				"CODE_SIGN_IDENTITY[sdk=iphoneos*]" = "iPhone Developer";
				COPY_PHASE_STRIP = NO;
				DEBUG_INFORMATION_FORMAT = "dwarf-with-dsym";
				ENABLE_NS_ASSERTIONS = NO;
				ENABLE_STRICT_OBJC_MSGSEND = YES;
				GCC_C_LANGUAGE_STANDARD = gnu99;
				GCC_NO_COMMON_BLOCKS = YES;
				GCC_WARN_64_TO_32_BIT_CONVERSION = YES;
				GCC_WARN_ABOUT_RETURN_TYPE = YES_ERROR;
				GCC_WARN_UNDECLARED_SELECTOR = YES;
				GCC_WARN_UNINITIALIZED_AUTOS = YES_AGGRESSIVE;
				GCC_WARN_UNUSED_FUNCTION = YES;
				GCC_WARN_UNUSED_VARIABLE = YES;
				IPHONEOS_DEPLOYMENT_TARGET = 9.0;
				MTL_ENABLE_DEBUG_INFO = NO;
				SDKROOT = iphoneos;
				SWIFT_OPTIMIZATION_LEVEL = "-Owholemodule";
				TARGETED_DEVICE_FAMILY = "1,2";
				VALIDATE_PRODUCT = YES;
			};
			name = Release;
		};
		B192808B1E90F7B200A5B09D /* Debug */ = {
			isa = XCBuildConfiguration;
			buildSettings = {
				ASSETCATALOG_COMPILER_APPICON_NAME = AppIcon;
				INFOPLIST_FILE = MyProject/Info.plist;
				LD_RUNPATH_SEARCH_PATHS = "$(inherited) @executable_path/Frameworks";
				PRODUCT_BUNDLE_IDENTIFIER = Jirapong.MyProject;
				PRODUCT_NAME = "$(TARGET_NAME)";
				SWIFT_VERSION = 3.0;
			};
			name = Debug;
		};
		B192808C1E90F7B200A5B09D /* Release */ = {
			isa = XCBuildConfiguration;
			buildSettings = {
				ASSETCATALOG_COMPILER_APPICON_NAME = AppIcon;
				INFOPLIST_FILE = MyProject/Info.plist;
				LD_RUNPATH_SEARCH_PATHS = "$(inherited) @executable_path/Frameworks";
				PRODUCT_BUNDLE_IDENTIFIER = Jirapong.MyProject;
				PRODUCT_NAME = "$(TARGET_NAME)";
				SWIFT_VERSION = 3.0;
			};
			name = Release;
		};
		B192808E1E90F7B200A5B09D /* Debug */ = {
			isa = XCBuildConfiguration;
			buildSettings = {
				ALWAYS_EMBED_SWIFT_STANDARD_LIBRARIES = YES;
				BUNDLE_LOADER = "$(TEST_HOST)";
				INFOPLIST_FILE = MyProjectTests/Info.plist;
				LD_RUNPATH_SEARCH_PATHS = "$(inherited) @executable_path/Frameworks @loader_path/Frameworks";
				PRODUCT_BUNDLE_IDENTIFIER = Jirapong.MyProjectTests;
				PRODUCT_NAME = "$(TARGET_NAME)";
				SWIFT_VERSION = 3.0;
				TEST_HOST = "$(BUILT_PRODUCTS_DIR)/MyProject.app/MyProject";
			};
			name = Debug;
		};
		B192808F1E90F7B200A5B09D /* Release */ = {
			isa = XCBuildConfiguration;
			buildSettings = {
				ALWAYS_EMBED_SWIFT_STANDARD_LIBRARIES = YES;
				BUNDLE_LOADER = "$(TEST_HOST)";
				INFOPLIST_FILE = MyProjectTests/Info.plist;
				LD_RUNPATH_SEARCH_PATHS = "$(inherited) @executable_path/Frameworks @loader_path/Frameworks";
				PRODUCT_BUNDLE_IDENTIFIER = Jirapong.MyProjectTests;
				PRODUCT_NAME = "$(TARGET_NAME)";
				SWIFT_VERSION = 3.0;
				TEST_HOST = "$(BUILT_PRODUCTS_DIR)/MyProject.app/MyProject";
			};
			name = Release;
		};
		B19280911E90F7B200A5B09D /* Debug */ = {
			isa = XCBuildConfiguration;
			buildSettings = {
				ALWAYS_EMBED_SWIFT_STANDARD_LIBRARIES = YES;
				INFOPLIST_FILE = MyProjectUITests/Info.plist;
				LD_RUNPATH_SEARCH_PATHS = "$(inherited) @executable_path/Frameworks @loader_path/Frameworks";
				PRODUCT_BUNDLE_IDENTIFIER = Jirapong.MyProjectUITests;
				PRODUCT_NAME = "$(TARGET_NAME)";
				SWIFT_VERSION = 3.0;
				TEST_TARGET_NAME = MyProject;
			};
			name = Debug;
		};
		B19280921E90F7B200A5B09D /* Release */ = {
			isa = XCBuildConfiguration;
			buildSettings = {
				ALWAYS_EMBED_SWIFT_STANDARD_LIBRARIES = YES;
				INFOPLIST_FILE = MyProjectUITests/Info.plist;
				LD_RUNPATH_SEARCH_PATHS = "$(inherited) @executable_path/Frameworks @loader_path/Frameworks";
				PRODUCT_BUNDLE_IDENTIFIER = Jirapong.MyProjectUITests;
				PRODUCT_NAME = "$(TARGET_NAME)";
				SWIFT_VERSION = 3.0;
				TEST_TARGET_NAME = MyProject;
			};
			name = Release;
		};
/* End XCBuildConfiguration section */

/* Begin XCConfigurationList section */
		B192805D1E90F7B200A5B09D /* Build configuration list for PBXProject "MyProject" */ = {
			isa = XCConfigurationList;
			buildConfigurations = (
				B19280881E90F7B200A5B09D /* Debug */,
				B19280891E90F7B200A5B09D /* Release */,
			);
			defaultConfigurationIsVisible = 0;
			defaultConfigurationName = Release;
		};
		B192808A1E90F7B200A5B09D /* Build configuration list for PBXNativeTarget "MyProject" */ = {
			isa = XCConfigurationList;
			buildConfigurations = (
				B192808B1E90F7B200A5B09D /* Debug */,
				B192808C1E90F7B200A5B09D /* Release */,
			);
			defaultConfigurationIsVisible = 0;
			defaultConfigurationName = Release;
		};
		B192808D1E90F7B200A5B09D /* Build configuration list for PBXNativeTarget "MyProjectTests" */ = {
			isa = XCConfigurationList;
			buildConfigurations = (
				B192808E1E90F7B200A5B09D /* Debug */,
				B192808F1E90F7B200A5B09D /* Release */,
			);
			defaultConfigurationIsVisible = 0;
			defaultConfigurationName = Release;
		};
		B19280901E90F7B200A5B09D /* Build configuration list for PBXNativeTarget "MyProjectUITests" */ = {
			isa = XCConfigurationList;
			buildConfigurations = (
				B19280911E90F7B200A5B09D /* Debug */,
				B19280921E90F7B200A5B09D /* Release */,
			);
			defaultConfigurationIsVisible = 0;
			defaultConfigurationName = Release;
		};
/* End XCConfigurationList section */
	};
	rootObject = B192805A1E90F7B200A5B09D /* Project object */;
}
